
Microsoft Visual Studio Solution File, Format Version 12.00
# Visual Studio Version 16
VisualStudioVersion = 16.0.31729.503
MinimumVisualStudioVersion = 10.0.40219.1
Project("{FAE04EC0-301F-11D3-BF4B-00C04F79EFBC}") = "ProjectV1", "ProjectV1\ProjectV1.csproj", "{8F0DE1A3-E3EA-404F-96B7-70A949442367}"
EndProject
Global
	GlobalSection(SolutionConfigurationPlatforms) = preSolution
		Debug|Any CPU = Debug|Any CPU
		Release|Any CPU = Release|Any CPU
	EndGlobalSection
	GlobalSection(ProjectConfigurationPlatforms) = postSolution
		{8F0DE1A3-E3EA-404F-96B7-70A949442367}.Debug|Any CPU.ActiveCfg = Debug|Any CPU
		{8F0DE1A3-E3EA-404F-96B7-70A949442367}.Debug|Any CPU.Build.0 = Debug|Any CPU
		{8F0DE1A3-E3EA-404F-96B7-70A949442367}.Release|Any CPU.ActiveCfg = Release|Any CPU
		{8F0DE1A3-E3EA-404F-96B7-70A949442367}.Release|Any CPU.Build.0 = Release|Any CPU
	EndGlobalSection
	GlobalSection(SolutionProperties) = preSolution
		HideSolutionNode = FALSE
	EndGlobalSection
	GlobalSection(ExtensibilityGlobals) = postSolution
		SolutionGuid = {DFAD9A6A-041D-481F-902D-726EDC3E710E}
	EndGlobalSection
EndGlobal
